
Microsoft Visual Studio Solution File, Format Version 12.00
# Visual Studio 15
VisualStudioVersion = 15.0.28307.572
MinimumVisualStudioVersion = 10.0.40219.1
Project("{FAE04EC0-301F-11D3-BF4B-00C04F79EFBC}") = "Reply.UpLoad", "Reply.UpLoad\Reply.UpLoad.csproj", "{9CE430B7-C939-46E6-AA92-C4F1DEA30B39}"
EndProject
Project("{FAE04EC0-301F-11D3-BF4B-00C04F79EFBC}") = "Reply.UpLoad.Test", "Reply.UpLoad.Test\Reply.UpLoad.Test.csproj", "{19EE01C6-B32E-4004-A682-0927B89EEF1C}"
EndProject
Global
	GlobalSection(SolutionConfigurationPlatforms) = preSolution
		Debug|Any CPU = Debug|Any CPU
		Release|Any CPU = Release|Any CPU
	EndGlobalSection
	GlobalSection(ProjectConfigurationPlatforms) = postSolution
		{9CE430B7-C939-46E6-AA92-C4F1DEA30B39}.Debug|Any CPU.ActiveCfg = Debug|Any CPU
		{9CE430B7-C939-46E6-AA92-C4F1DEA30B39}.Debug|Any CPU.Build.0 = Debug|Any CPU
		{9CE430B7-C939-46E6-AA92-C4F1DEA30B39}.Release|Any CPU.ActiveCfg = Release|Any CPU
		{9CE430B7-C939-46E6-AA92-C4F1DEA30B39}.Release|Any CPU.Build.0 = Release|Any CPU
		{19EE01C6-B32E-4004-A682-0927B89EEF1C}.Debug|Any CPU.ActiveCfg = Debug|Any CPU
		{19EE01C6-B32E-4004-A682-0927B89EEF1C}.Debug|Any CPU.Build.0 = Debug|Any CPU
		{19EE01C6-B32E-4004-A682-0927B89EEF1C}.Release|Any CPU.ActiveCfg = Release|Any CPU
		{19EE01C6-B32E-4004-A682-0927B89EEF1C}.Release|Any CPU.Build.0 = Release|Any CPU
	EndGlobalSection
	GlobalSection(SolutionProperties) = preSolution
		HideSolutionNode = FALSE
	EndGlobalSection
	GlobalSection(ExtensibilityGlobals) = postSolution
		SolutionGuid = {96080827-DDFA-4145-AE02-279A2A1281DD}
	EndGlobalSection
EndGlobal
